
Microsoft Visual Studio Solution File, Format Version 12.00
# Visual Studio Version 17
VisualStudioVersion = 17.14.36616.10 d17.14
MinimumVisualStudioVersion = 10.0.40219.1
Project("{FAE04EC0-301F-11D3-BF4B-00C04F79EFBC}") = "ReturnsProcessing", "ReturnsProcessing.csproj", "{635DB7EA-7BCC-8818-BC3F-DA82E9C3E5FB}"
EndProject
Global
	GlobalSection(SolutionConfigurationPlatforms) = preSolution
		Debug|Any CPU = Debug|Any CPU
		Release|Any CPU = Release|Any CPU
	EndGlobalSection
	GlobalSection(ProjectConfigurationPlatforms) = postSolution
		{635DB7EA-7BCC-8818-BC3F-DA82E9C3E5FB}.Debug|Any CPU.ActiveCfg = Debug|Any CPU
		{635DB7EA-7BCC-8818-BC3F-DA82E9C3E5FB}.Debug|Any CPU.Build.0 = Debug|Any CPU
		{635DB7EA-7BCC-8818-BC3F-DA82E9C3E5FB}.Release|Any CPU.ActiveCfg = Release|Any CPU
		{635DB7EA-7BCC-8818-BC3F-DA82E9C3E5FB}.Release|Any CPU.Build.0 = Release|Any CPU
	EndGlobalSection
	GlobalSection(SolutionProperties) = preSolution
		HideSolutionNode = FALSE
	EndGlobalSection
	GlobalSection(ExtensibilityGlobals) = postSolution
		SolutionGuid = {20735573-E2A9-4EB9-AE98-FBD5A681C476}
	EndGlobalSection
EndGlobal
